
Microsoft Visual Studio Solution File, Format Version 12.00
# Visual Studio Version 17
VisualStudioVersion = 17.10.35004.147
MinimumVisualStudioVersion = 10.0.40219.1
Project("{2150E333-8FDC-42A3-9474-1A3956D46DE8}") = "src", "src", "{17A9A8CF-72B6-41CD-A1A0-E2CAC9B78C76}"
EndProject
Project("{2150E333-8FDC-42A3-9474-1A3956D46DE8}") = "test", "test", "{4DB18904-F5A1-4668-B7FF-2655AD85FE74}"
EndProject
Project("{2150E333-8FDC-42A3-9474-1A3956D46DE8}") = "SolutionItems", "SolutionItems", "{CF7A10E1-8E1C-41FD-88D5-B13F8CD64747}"
EndProject
Project("{9A19103F-16F7-4668-BE54-9A1E7A4F7556}") = "Domain", "Domain\Domain.csproj", "{CD433EC1-0FD5-49B6-8A41-01696A45CE40}"
EndProject
Project("{9A19103F-16F7-4668-BE54-9A1E7A4F7556}") = "Application", "Application\Application.csproj", "{ABA7BFBD-467D-4289-AEAF-EF983D7E542E}"
EndProject
Project("{9A19103F-16F7-4668-BE54-9A1E7A4F7556}") = "Infrastructure", "Infrastructure\Infrastructure.csproj", "{6970648B-27EB-4160-8215-03C6934F743C}"
EndProject
Project("{9A19103F-16F7-4668-BE54-9A1E7A4F7556}") = "Presentation", "Presentation\Presentation.csproj", "{73F5064C-6C74-484C-AA20-D60B8C1050B5}"
EndProject
Project("{9A19103F-16F7-4668-BE54-9A1E7A4F7556}") = "WebApi", "WebApi\WebApi.csproj", "{216A3284-EA63-4C1D-B201-F6EA5B565E5E}"
EndProject
Project("{9A19103F-16F7-4668-BE54-9A1E7A4F7556}") = "UnitTests", "UnitTests\UnitTests.csproj", "{856B2B76-7CAB-452B-8BD0-D1708EB68A8F}"
EndProject
Project("{9A19103F-16F7-4668-BE54-9A1E7A4F7556}") = "Shared", "Shared\Shared.csproj", "{D9F45C85-4C8F-4F6F-8C1B-51A5C39A8BC7}"
EndProject
Project("{9A19103F-16F7-4668-BE54-9A1E7A4F7556}") = "IntegrationTests", "IntegrationTests3\IntegrationTests.csproj", "{DF1156D1-2386-49A0-9927-18F3706410FA}"
EndProject
Global
	GlobalSection(SolutionConfigurationPlatforms) = preSolution
		Debug|Any CPU = Debug|Any CPU
		Release|Any CPU = Release|Any CPU
	EndGlobalSection
	GlobalSection(ProjectConfigurationPlatforms) = postSolution
		{CD433EC1-0FD5-49B6-8A41-01696A45CE40}.Debug|Any CPU.ActiveCfg = Debug|Any CPU
		{CD433EC1-0FD5-49B6-8A41-01696A45CE40}.Debug|Any CPU.Build.0 = Debug|Any CPU
		{CD433EC1-0FD5-49B6-8A41-01696A45CE40}.Release|Any CPU.ActiveCfg = Release|Any CPU
		{CD433EC1-0FD5-49B6-8A41-01696A45CE40}.Release|Any CPU.Build.0 = Release|Any CPU
		{ABA7BFBD-467D-4289-AEAF-EF983D7E542E}.Debug|Any CPU.ActiveCfg = Debug|Any CPU
		{ABA7BFBD-467D-4289-AEAF-EF983D7E542E}.Debug|Any CPU.Build.0 = Debug|Any CPU
		{ABA7BFBD-467D-4289-AEAF-EF983D7E542E}.Release|Any CPU.ActiveCfg = Release|Any CPU
		{ABA7BFBD-467D-4289-AEAF-EF983D7E542E}.Release|Any CPU.Build.0 = Release|Any CPU
		{6970648B-27EB-4160-8215-03C6934F743C}.Debug|Any CPU.ActiveCfg = Debug|Any CPU
		{6970648B-27EB-4160-8215-03C6934F743C}.Debug|Any CPU.Build.0 = Debug|Any CPU
		{6970648B-27EB-4160-8215-03C6934F743C}.Release|Any CPU.ActiveCfg = Release|Any CPU
		{6970648B-27EB-4160-8215-03C6934F743C}.Release|Any CPU.Build.0 = Release|Any CPU
		{73F5064C-6C74-484C-AA20-D60B8C1050B5}.Debug|Any CPU.ActiveCfg = Debug|Any CPU
		{73F5064C-6C74-484C-AA20-D60B8C1050B5}.Debug|Any CPU.Build.0 = Debug|Any CPU
		{73F5064C-6C74-484C-AA20-D60B8C1050B5}.Release|Any CPU.ActiveCfg = Release|Any CPU
		{73F5064C-6C74-484C-AA20-D60B8C1050B5}.Release|Any CPU.Build.0 = Release|Any CPU
		{216A3284-EA63-4C1D-B201-F6EA5B565E5E}.Debug|Any CPU.ActiveCfg = Debug|Any CPU
		{216A3284-EA63-4C1D-B201-F6EA5B565E5E}.Debug|Any CPU.Build.0 = Debug|Any CPU
		{216A3284-EA63-4C1D-B201-F6EA5B565E5E}.Release|Any CPU.ActiveCfg = Release|Any CPU
		{216A3284-EA63-4C1D-B201-F6EA5B565E5E}.Release|Any CPU.Build.0 = Release|Any CPU
		{856B2B76-7CAB-452B-8BD0-D1708EB68A8F}.Debug|Any CPU.ActiveCfg = Debug|Any CPU
		{856B2B76-7CAB-452B-8BD0-D1708EB68A8F}.Debug|Any CPU.Build.0 = Debug|Any CPU
		{856B2B76-7CAB-452B-8BD0-D1708EB68A8F}.Release|Any CPU.ActiveCfg = Release|Any CPU
		{856B2B76-7CAB-452B-8BD0-D1708EB68A8F}.Release|Any CPU.Build.0 = Release|Any CPU
		{D9F45C85-4C8F-4F6F-8C1B-51A5C39A8BC7}.Debug|Any CPU.ActiveCfg = Debug|Any CPU
		{D9F45C85-4C8F-4F6F-8C1B-51A5C39A8BC7}.Debug|Any CPU.Build.0 = Debug|Any CPU
		{D9F45C85-4C8F-4F6F-8C1B-51A5C39A8BC7}.Release|Any CPU.ActiveCfg = Release|Any CPU
		{D9F45C85-4C8F-4F6F-8C1B-51A5C39A8BC7}.Release|Any CPU.Build.0 = Release|Any CPU
		{DF1156D1-2386-49A0-9927-18F3706410FA}.Debug|Any CPU.ActiveCfg = Debug|Any CPU
		{DF1156D1-2386-49A0-9927-18F3706410FA}.Debug|Any CPU.Build.0 = Debug|Any CPU
		{DF1156D1-2386-49A0-9927-18F3706410FA}.Release|Any CPU.ActiveCfg = Release|Any CPU
		{DF1156D1-2386-49A0-9927-18F3706410FA}.Release|Any CPU.Build.0 = Release|Any CPU
	EndGlobalSection
	GlobalSection(SolutionProperties) = preSolution
		HideSolutionNode = FALSE
	EndGlobalSection
	GlobalSection(NestedProjects) = preSolution
		{CD433EC1-0FD5-49B6-8A41-01696A45CE40} = {17A9A8CF-72B6-41CD-A1A0-E2CAC9B78C76}
		{ABA7BFBD-467D-4289-AEAF-EF983D7E542E} = {17A9A8CF-72B6-41CD-A1A0-E2CAC9B78C76}
		{6970648B-27EB-4160-8215-03C6934F743C} = {17A9A8CF-72B6-41CD-A1A0-E2CAC9B78C76}
		{73F5064C-6C74-484C-AA20-D60B8C1050B5} = {17A9A8CF-72B6-41CD-A1A0-E2CAC9B78C76}
		{216A3284-EA63-4C1D-B201-F6EA5B565E5E} = {17A9A8CF-72B6-41CD-A1A0-E2CAC9B78C76}
		{856B2B76-7CAB-452B-8BD0-D1708EB68A8F} = {4DB18904-F5A1-4668-B7FF-2655AD85FE74}
		{D9F45C85-4C8F-4F6F-8C1B-51A5C39A8BC7} = {17A9A8CF-72B6-41CD-A1A0-E2CAC9B78C76}
		{DF1156D1-2386-49A0-9927-18F3706410FA} = {4DB18904-F5A1-4668-B7FF-2655AD85FE74}
	EndGlobalSection
	GlobalSection(ExtensibilityGlobals) = postSolution
		SolutionGuid = {194C186E-5217-4F46-9FCB-81B55E3DE244}
	EndGlobalSection
EndGlobal
